// !$*UTF8*$!
{
	archiveVersion = 1;
	classes = {
	};
	objectVersion = 46;
	objects = {

/* Begin PBXBuildFile section */
		C259B67319B6B51A003FA58F /* qr_tabbar_mine_hl@2x.png in Resources */ = {isa = PBXBuildFile; fileRef = C259B67219B6B51A003FA58F /* qr_tabbar_mine_hl@2x.png */; };
		C259B67519B6BE8A003FA58F /* DetailInfoViewController.swift in Sources */ = {isa = PBXBuildFile; fileRef = C259B67419B6BE8A003FA58F /* DetailInfoViewController.swift */; };
		C2C4E4E519B6A82600D71325 /* AppDelegate.swift in Sources */ = {isa = PBXBuildFile; fileRef = C2C4E4E419B6A82600D71325 /* AppDelegate.swift */; };
		C2C4E4E719B6A82600D71325 /* ViewController.swift in Sources */ = {isa = PBXBuildFile; fileRef = C2C4E4E619B6A82600D71325 /* ViewController.swift */; };
		C2C4E4EA19B6A82600D71325 /* Main.storyboard in Resources */ = {isa = PBXBuildFile; fileRef = C2C4E4E819B6A82600D71325 /* Main.storyboard */; };
		C2C4E4EC19B6A82600D71325 /* Images.xcassets in Resources */ = {isa = PBXBuildFile; fileRef = C2C4E4EB19B6A82600D71325 /* Images.xcassets */; };
		C2C4E4F819B6A82600D71325 /* AddressBook_SwiftTests.swift in Sources */ = {isa = PBXBuildFile; fileRef = C2C4E4F719B6A82600D71325 /* AddressBook_SwiftTests.swift */; };
		C2C4E50219B6A98F00D71325 /* ContactPerson.swift in Sources */ = {isa = PBXBuildFile; fileRef = C2C4E50119B6A98F00D71325 /* ContactPerson.swift */; };
		C2C4E50419B6AB3900D71325 /* ContactPersonTableViewController.swift in Sources */ = {isa = PBXBuildFile; fileRef = C2C4E50319B6AB3900D71325 /* ContactPersonTableViewController.swift */; };
		C2C4E50619B6ACED00D71325 /* ContactPersonTableViewCell.swift in Sources */ = {isa = PBXBuildFile; fileRef = C2C4E50519B6ACED00D71325 /* ContactPersonTableViewCell.swift */; };
/* End PBXBuildFile section */

/* Begin PBXContainerItemProxy section */
		C2C4E4F219B6A82600D71325 /* PBXContainerItemProxy */ = {
			isa = PBXContainerItemProxy;
			containerPortal = C2C4E4D719B6A82600D71325 /* Project object */;
			proxyType = 1;
			remoteGlobalIDString = C2C4E4DE19B6A82600D71325;
			remoteInfo = "AddressBook-Swift";
		};
/* End PBXContainerItemProxy section */

/* Begin PBXFileReference section */
		C259B67219B6B51A003FA58F /* qr_tabbar_mine_hl@2x.png */ = {isa = PBXFileReference; lastKnownFileType = image.png; path = "qr_tabbar_mine_hl@2x.png"; sourceTree = "<group>"; };
		C259B67419B6BE8A003FA58F /* DetailInfoViewController.swift */ = {isa = PBXFileReference; fileEncoding = 4; lastKnownFileType = sourcecode.swift; path = DetailInfoViewController.swift; sourceTree = "<group>"; };
		C2C4E4DF19B6A82600D71325 /* AddressBook-Swift.app */ = {isa = PBXFileReference; explicitFileType = wrapper.application; includeInIndex = 0; path = "AddressBook-Swift.app"; sourceTree = BUILT_PRODUCTS_DIR; };
		C2C4E4E319B6A82600D71325 /* Info.plist */ = {isa = PBXFileReference; lastKnownFileType = text.plist.xml; path = Info.plist; sourceTree = "<group>"; };
		C2C4E4E419B6A82600D71325 /* AppDelegate.swift */ = {isa = PBXFileReference; lastKnownFileType = sourcecode.swift; path = AppDelegate.swift; sourceTree = "<group>"; };
		C2C4E4E619B6A82600D71325 /* ViewController.swift */ = {isa = PBXFileReference; lastKnownFileType = sourcecode.swift; path = ViewController.swift; sourceTree = "<group>"; };
		C2C4E4E919B6A82600D71325 /* Base */ = {isa = PBXFileReference; lastKnownFileType = file.storyboard; name = Base; path = Base.lproj/Main.storyboard; sourceTree = "<group>"; };
		C2C4E4EB19B6A82600D71325 /* Images.xcassets */ = {isa = PBXFileReference; lastKnownFileType = folder.assetcatalog; path = Images.xcassets; sourceTree = "<group>"; };
		C2C4E4F119B6A82600D71325 /* AddressBook-SwiftTests.xctest */ = {isa = PBXFileReference; explicitFileType = wrapper.cfbundle; includeInIndex = 0; path = "AddressBook-SwiftTests.xctest"; sourceTree = BUILT_PRODUCTS_DIR; };
		C2C4E4F619B6A82600D71325 /* Info.plist */ = {isa = PBXFileReference; lastKnownFileType = text.plist.xml; path = Info.plist; sourceTree = "<group>"; };
		C2C4E4F719B6A82600D71325 /* AddressBook_SwiftTests.swift */ = {isa = PBXFileReference; lastKnownFileType = sourcecode.swift; path = AddressBook_SwiftTests.swift; sourceTree = "<group>"; };
		C2C4E50119B6A98F00D71325 /* ContactPerson.swift */ = {isa = PBXFileReference; fileEncoding = 4; lastKnownFileType = sourcecode.swift; path = ContactPerson.swift; sourceTree = "<group>"; };
		C2C4E50319B6AB3900D71325 /* ContactPersonTableViewController.swift */ = {isa = PBXFileReference; fileEncoding = 4; lastKnownFileType = sourcecode.swift; path = ContactPersonTableViewController.swift; sourceTree = "<group>"; };
		C2C4E50519B6ACED00D71325 /* ContactPersonTableViewCell.swift */ = {isa = PBXFileReference; fileEncoding = 4; lastKnownFileType = sourcecode.swift; path = ContactPersonTableViewCell.swift; sourceTree = "<group>"; };
/* End PBXFileReference section */

/* Begin PBXFrameworksBuildPhase section */
		C2C4E4DC19B6A82600D71325 /* Frameworks */ = {
			isa = PBXFrameworksBuildPhase;
			buildActionMask = 2147483647;
			files = (
			);
			runOnlyForDeploymentPostprocessing = 0;
		};
		C2C4E4EE19B6A82600D71325 /* Frameworks */ = {
			isa = PBXFrameworksBuildPhase;
			buildActionMask = 2147483647;
			files = (
			);
			runOnlyForDeploymentPostprocessing = 0;
		};
/* End PBXFrameworksBuildPhase section */

/* Begin PBXGroup section */
		C2C4E4D619B6A82600D71325 = {
			isa = PBXGroup;
			children = (
				C2C4E4E119B6A82600D71325 /* AddressBook-Swift */,
				C2C4E4F419B6A82600D71325 /* AddressBook-SwiftTests */,
				C2C4E4E019B6A82600D71325 /* Products */,
			);
			sourceTree = "<group>";
		};
		C2C4E4E019B6A82600D71325 /* Products */ = {
			isa = PBXGroup;
			children = (
				C2C4E4DF19B6A82600D71325 /* AddressBook-Swift.app */,
				C2C4E4F119B6A82600D71325 /* AddressBook-SwiftTests.xctest */,
			);
			name = Products;
			sourceTree = "<group>";
		};
		C2C4E4E119B6A82600D71325 /* AddressBook-Swift */ = {
			isa = PBXGroup;
			children = (
				C259B67219B6B51A003FA58F /* qr_tabbar_mine_hl@2x.png */,
				C2C4E4E419B6A82600D71325 /* AppDelegate.swift */,
				C2C4E4E619B6A82600D71325 /* ViewController.swift */,
				C2C4E50119B6A98F00D71325 /* ContactPerson.swift */,
				C2C4E4E819B6A82600D71325 /* Main.storyboard */,
				C259B67419B6BE8A003FA58F /* DetailInfoViewController.swift */,
				C2C4E4EB19B6A82600D71325 /* Images.xcassets */,
				C2C4E4E219B6A82600D71325 /* Supporting Files */,
				C2C4E50319B6AB3900D71325 /* ContactPersonTableViewController.swift */,
				C2C4E50519B6ACED00D71325 /* ContactPersonTableViewCell.swift */,
			);
			path = "AddressBook-Swift";
			sourceTree = "<group>";
		};
		C2C4E4E219B6A82600D71325 /* Supporting Files */ = {
			isa = PBXGroup;
			children = (
				C2C4E4E319B6A82600D71325 /* Info.plist */,
			);
			name = "Supporting Files";
			sourceTree = "<group>";
		};
		C2C4E4F419B6A82600D71325 /* AddressBook-SwiftTests */ = {
			isa = PBXGroup;
			children = (
				C2C4E4F719B6A82600D71325 /* AddressBook_SwiftTests.swift */,
				C2C4E4F519B6A82600D71325 /* Supporting Files */,
			);
			path = "AddressBook-SwiftTests";
			sourceTree = "<group>";
		};
		C2C4E4F519B6A82600D71325 /* Supporting Files */ = {
			isa = PBXGroup;
			children = (
				C2C4E4F619B6A82600D71325 /* Info.plist */,
			);
			name = "Supporting Files";
			sourceTree = "<group>";
		};
/* End PBXGroup section */

/* Begin PBXNativeTarget section */
		C2C4E4DE19B6A82600D71325 /* AddressBook-Swift */ = {
			isa = PBXNativeTarget;
			buildConfigurationList = C2C4E4FB19B6A82600D71325 /* Build configuration list for PBXNativeTarget "AddressBook-Swift" */;
			buildPhases = (
				C2C4E4DB19B6A82600D71325 /* Sources */,
				C2C4E4DC19B6A82600D71325 /* Frameworks */,
				C2C4E4DD19B6A82600D71325 /* Resources */,
			);
			buildRules = (
			);
			dependencies = (
			);
			name = "AddressBook-Swift";
			productName = "AddressBook-Swift";
			productReference = C2C4E4DF19B6A82600D71325 /* AddressBook-Swift.app */;
			productType = "com.apple.product-type.application";
		};
		C2C4E4F019B6A82600D71325 /* AddressBook-SwiftTests */ = {
			isa = PBXNativeTarget;
			buildConfigurationList = C2C4E4FE19B6A82600D71325 /* Build configuration list for PBXNativeTarget "AddressBook-SwiftTests" */;
			buildPhases = (
				C2C4E4ED19B6A82600D71325 /* Sources */,
				C2C4E4EE19B6A82600D71325 /* Frameworks */,
				C2C4E4EF19B6A82600D71325 /* Resources */,
			);
			buildRules = (
			);
			dependencies = (
				C2C4E4F319B6A82600D71325 /* PBXTargetDependency */,
			);
			name = "AddressBook-SwiftTests";
			productName = "AddressBook-SwiftTests";
			productReference = C2C4E4F119B6A82600D71325 /* AddressBook-SwiftTests.xctest */;
			productType = "com.apple.product-type.bundle.unit-test";
		};
/* End PBXNativeTarget section */

/* Begin PBXProject section */
		C2C4E4D719B6A82600D71325 /* Project object */ = {
			isa = PBXProject;
			attributes = {
				LastUpgradeCheck = 0600;
				ORGANIZATIONNAME = "winann.blog.51cto.com Winann";
				TargetAttributes = {
					C2C4E4DE19B6A82600D71325 = {
						CreatedOnToolsVersion = 6.0;
					};
					C2C4E4F019B6A82600D71325 = {
						CreatedOnToolsVersion = 6.0;
						TestTargetID = C2C4E4DE19B6A82600D71325;
					};
				};
			};
			buildConfigurationList = C2C4E4DA19B6A82600D71325 /* Build configuration list for PBXProject "AddressBook-Swift" */;
			compatibilityVersion = "Xcode 3.2";
			developmentRegion = English;
			hasScannedForEncodings = 0;
			knownRegions = (
				en,
				Base,
			);
			mainGroup = C2C4E4D619B6A82600D71325;
			productRefGroup = C2C4E4E019B6A82600D71325 /* Products */;
			projectDirPath = "";
			projectRoot = "";
			targets = (
				C2C4E4DE19B6A82600D71325 /* AddressBook-Swift */,
				C2C4E4F019B6A82600D71325 /* AddressBook-SwiftTests */,
			);
		};
/* End PBXProject section */

/* Begin PBXResourcesBuildPhase section */
		C2C4E4DD19B6A82600D71325 /* Resources */ = {
			isa = PBXResourcesBuildPhase;
			buildActionMask = 2147483647;
			files = (
				C2C4E4EA19B6A82600D71325 /* Main.storyboard in Resources */,
				C2C4E4EC19B6A82600D71325 /* Images.xcassets in Resources */,
				C259B67319B6B51A003FA58F /* qr_tabbar_mine_hl@2x.png in Resources */,
			);
			runOnlyForDeploymentPostprocessing = 0;
		};
		C2C4E4EF19B6A82600D71325 /* Resources */ = {
			isa = PBXResourcesBuildPhase;
			buildActionMask = 2147483647;
			files = (
			);
			runOnlyForDeploymentPostprocessing = 0;
		};
/* End PBXResourcesBuildPhase section */

/* Begin PBXSourcesBuildPhase section */
		C2C4E4DB19B6A82600D71325 /* Sources */ = {
			isa = PBXSourcesBuildPhase;
			buildActionMask = 2147483647;
			files = (
				C2C4E50619B6ACED00D71325 /* ContactPersonTableViewCell.swift in Sources */,
				C2C4E4E719B6A82600D71325 /* ViewController.swift in Sources */,
				C2C4E4E519B6A82600D71325 /* AppDelegate.swift in Sources */,
				C2C4E50219B6A98F00D71325 /* ContactPerson.swift in Sources */,
				C2C4E50419B6AB3900D71325 /* ContactPersonTableViewController.swift in Sources */,
				C259B67519B6BE8A003FA58F /* DetailInfoViewController.swift in Sources */,
			);
			runOnlyForDeploymentPostprocessing = 0;
		};
		C2C4E4ED19B6A82600D71325 /* Sources */ = {
			isa = PBXSourcesBuildPhase;
			buildActionMask = 2147483647;
			files = (
				C2C4E4F819B6A82600D71325 /* AddressBook_SwiftTests.swift in Sources */,
			);
			runOnlyForDeploymentPostprocessing = 0;
		};
/* End PBXSourcesBuildPhase section */

/* Begin PBXTargetDependency section */
		C2C4E4F319B6A82600D71325 /* PBXTargetDependency */ = {
			isa = PBXTargetDependency;
			target = C2C4E4DE19B6A82600D71325 /* AddressBook-Swift */;
			targetProxy = C2C4E4F219B6A82600D71325 /* PBXContainerItemProxy */;
		};
/* End PBXTargetDependency section */

/* Begin PBXVariantGroup section */
		C2C4E4E819B6A82600D71325 /* Main.storyboard */ = {
			isa = PBXVariantGroup;
			children = (
				C2C4E4E919B6A82600D71325 /* Base */,
			);
			name = Main.storyboard;
			sourceTree = "<group>";
		};
/* End PBXVariantGroup section */

/* Begin XCBuildConfiguration section */
		C2C4E4F919B6A82600D71325 /* Debug */ = {
			isa = XCBuildConfiguration;
			buildSettings = {
				ALWAYS_SEARCH_USER_PATHS = NO;
				CLANG_CXX_LANGUAGE_STANDARD = "gnu++0x";
				CLANG_CXX_LIBRARY = "libc++";
				CLANG_ENABLE_MODULES = YES;
				CLANG_ENABLE_OBJC_ARC = YES;
				CLANG_WARN_BOOL_CONVERSION = YES;
				CLANG_WARN_CONSTANT_CONVERSION = YES;
				CLANG_WARN_DIRECT_OBJC_ISA_USAGE = YES_ERROR;
				CLANG_WARN_EMPTY_BODY = YES;
				CLANG_WARN_ENUM_CONVERSION = YES;
				CLANG_WARN_INT_CONVERSION = YES;
				CLANG_WARN_OBJC_ROOT_CLASS = YES_ERROR;
				CLANG_WARN_UNREACHABLE_CODE = YES;
				CLANG_WARN__DUPLICATE_METHOD_MATCH = YES;
				"CODE_SIGN_IDENTITY[sdk=iphoneos*]" = "iPhone Developer";
				COPY_PHASE_STRIP = NO;
				ENABLE_STRICT_OBJC_MSGSEND = YES;
				GCC_C_LANGUAGE_STANDARD = gnu99;
				GCC_DYNAMIC_NO_PIC = NO;
				GCC_OPTIMIZATION_LEVEL = 0;
				GCC_PREPROCESSOR_DEFINITIONS = (
					"DEBUG=1",
					"$(inherited)",
				);
				GCC_SYMBOLS_PRIVATE_EXTERN = NO;
				GCC_WARN_64_TO_32_BIT_CONVERSION = YES;
				GCC_WARN_ABOUT_RETURN_TYPE = YES_ERROR;
				GCC_WARN_UNDECLARED_SELECTOR = YES;
				GCC_WARN_UNINITIALIZED_AUTOS = YES_AGGRESSIVE;
				GCC_WARN_UNUSED_FUNCTION = YES;
				GCC_WARN_UNUSED_VARIABLE = YES;
				IPHONEOS_DEPLOYMENT_TARGET = 8.0;
				MTL_ENABLE_DEBUG_INFO = YES;
				ONLY_ACTIVE_ARCH = YES;
				SDKROOT = iphoneos;
				SWIFT_OPTIMIZATION_LEVEL = "-Onone";
			};
			name = Debug;
		};
		C2C4E4FA19B6A82600D71325 /* Release */ = {
			isa = XCBuildConfiguration;
			buildSettings = {
				ALWAYS_SEARCH_USER_PATHS = NO;
				CLANG_CXX_LANGUAGE_STANDARD = "gnu++0x";
				CLANG_CXX_LIBRARY = "libc++";
				CLANG_ENABLE_MODULES = YES;
				CLANG_ENABLE_OBJC_ARC = YES;
				CLANG_WARN_BOOL_CONVERSION = YES;
				CLANG_WARN_CONSTANT_CONVERSION = YES;
				CLANG_WARN_DIRECT_OBJC_ISA_USAGE = YES_ERROR;
				CLANG_WARN_EMPTY_BODY = YES;
				CLANG_WARN_ENUM_CONVERSION = YES;
				CLANG_WARN_INT_CONVERSION = YES;
				CLANG_WARN_OBJC_ROOT_CLASS = YES_ERROR;
				CLANG_WARN_UNREACHABLE_CODE = YES;
				CLANG_WARN__DUPLICATE_METHOD_MATCH = YES;
				"CODE_SIGN_IDENTITY[sdk=iphoneos*]" = "iPhone Developer";
				COPY_PHASE_STRIP = YES;
				ENABLE_NS_ASSERTIONS = NO;
				ENABLE_STRICT_OBJC_MSGSEND = YES;
				GCC_C_LANGUAGE_STANDARD = gnu99;
				GCC_WARN_64_TO_32_BIT_CONVERSION = YES;
				GCC_WARN_ABOUT_RETURN_TYPE = YES_ERROR;
				GCC_WARN_UNDECLARED_SELECTOR = YES;
				GCC_WARN_UNINITIALIZED_AUTOS = YES_AGGRESSIVE;
				GCC_WARN_UNUSED_FUNCTION = YES;
				GCC_WARN_UNUSED_VARIABLE = YES;
				IPHONEOS_DEPLOYMENT_TARGET = 8.0;
				MTL_ENABLE_DEBUG_INFO = NO;
				SDKROOT = iphoneos;
				VALIDATE_PRODUCT = YES;
			};
			name = Release;
		};
		C2C4E4FC19B6A82600D71325 /* Debug */ = {
			isa = XCBuildConfiguration;
			buildSettings = {
				ASSETCATALOG_COMPILER_APPICON_NAME = AppIcon;
				ASSETCATALOG_COMPILER_LAUNCHIMAGE_NAME = LaunchImage;
				INFOPLIST_FILE = "AddressBook-Swift/Info.plist";
				LD_RUNPATH_SEARCH_PATHS = "$(inherited) @executable_path/Frameworks";
				PRODUCT_NAME = "$(TARGET_NAME)";
			};
			name = Debug;
		};
		C2C4E4FD19B6A82600D71325 /* Release */ = {
			isa = XCBuildConfiguration;
			buildSettings = {
				ASSETCATALOG_COMPILER_APPICON_NAME = AppIcon;
				ASSETCATALOG_COMPILER_LAUNCHIMAGE_NAME = LaunchImage;
				INFOPLIST_FILE = "AddressBook-Swift/Info.plist";
				LD_RUNPATH_SEARCH_PATHS = "$(inherited) @executable_path/Frameworks";
				PRODUCT_NAME = "$(TARGET_NAME)";
			};
			name = Release;
		};
		C2C4E4FF19B6A82600D71325 /* Debug */ = {
			isa = XCBuildConfiguration;
			buildSettings = {
				BUNDLE_LOADER = "$(TEST_HOST)";
				FRAMEWORK_SEARCH_PATHS = (
					"$(SDKROOT)/Developer/Library/Frameworks",
					"$(inherited)",
				);
				GCC_PREPROCESSOR_DEFINITIONS = (
					"DEBUG=1",
					"$(inherited)",
				);
				INFOPLIST_FILE = "AddressBook-SwiftTests/Info.plist";
				LD_RUNPATH_SEARCH_PATHS = "$(inherited) @executable_path/Frameworks @loader_path/Frameworks";
				PRODUCT_NAME = "$(TARGET_NAME)";
				TEST_HOST = "$(BUILT_PRODUCTS_DIR)/AddressBook-Swift.app/AddressBook-Swift";
			};
			name = Debug;
		};
		C2C4E50019B6A82600D71325 /* Release */ = {
			isa = XCBuildConfiguration;
			buildSettings = {
				BUNDLE_LOADER = "$(TEST_HOST)";
				FRAMEWORK_SEARCH_PATHS = (
					"$(SDKROOT)/Developer/Library/Frameworks",
					"$(inherited)",
				);
				INFOPLIST_FILE = "AddressBook-SwiftTests/Info.plist";
				LD_RUNPATH_SEARCH_PATHS = "$(inherited) @executable_path/Frameworks @loader_path/Frameworks";
				PRODUCT_NAME = "$(TARGET_NAME)";
				TEST_HOST = "$(BUILT_PRODUCTS_DIR)/AddressBook-Swift.app/AddressBook-Swift";
			};
			name = Release;
		};
/* End XCBuildConfiguration section */

/* Begin XCConfigurationList section */
		C2C4E4DA19B6A82600D71325 /* Build configuration list for PBXProject "AddressBook-Swift" */ = {
			isa = XCConfigurationList;
			buildConfigurations = (
				C2C4E4F919B6A82600D71325 /* Debug */,
				C2C4E4FA19B6A82600D71325 /* Release */,
			);
			defaultConfigurationIsVisible = 0;
			defaultConfigurationName = Release;
		};
		C2C4E4FB19B6A82600D71325 /* Build configuration list for PBXNativeTarget "AddressBook-Swift" */ = {
			isa = XCConfigurationList;
			buildConfigurations = (
				C2C4E4FC19B6A82600D71325 /* Debug */,
				C2C4E4FD19B6A82600D71325 /* Release */,
			);
			defaultConfigurationIsVisible = 0;
			defaultConfigurationName = Release;
		};
		C2C4E4FE19B6A82600D71325 /* Build configuration list for PBXNativeTarget "AddressBook-SwiftTests" */ = {
			isa = XCConfigurationList;
			buildConfigurations = (
				C2C4E4FF19B6A82600D71325 /* Debug */,
				C2C4E50019B6A82600D71325 /* Release */,
			);
			defaultConfigurationIsVisible = 0;
			defaultConfigurationName = Release;
		};
/* End XCConfigurationList section */
	};
	rootObject = C2C4E4D719B6A82600D71325 /* Project object */;
}
